<?xml version="1.0" encoding="utf-8"?>
<Project ToolsVersion="4.0" xmlns="http://schemas.microsoft.com/developer/msbuild/2003">
  <ItemGroup>
    <Filter Include="Source Files">
      <UniqueIdentifier>{4FC737F1-C7A5-4376-A066-2A32D752A2FF}</UniqueIdentifier>
      <Extensions>cpp;c;cc;cxx;c++;cppm;ixx;def;odl;idl;hpj;bat;asm;asmx</Extensions>
    </Filter>
    <Filter Include="Header Files">
      <UniqueIdentifier>{93995380-89BD-4b04-88EB-625FBE52EBFB}</UniqueIdentifier>
      <Extensions>h;hh;hpp;hxx;h++;hm;inl;inc;ipp;xsd</Extensions>
    </Filter>
    <Filter Include="Resource Files">
      <UniqueIdentifier>{67DA6AB6-F800-4c08-8B7A-83BB121AAD01}</UniqueIdentifier>
      <Extensions>rc;ico;cur;bmp;dlg;rc2;rct;bin;rgs;gif;jpg;jpeg;jpe;resx;tiff;tif;png;wav;mfcribbon-ms</Extensions>
    </Filter>
  </ItemGroup>
  <ItemGroup>
    <ClCompile Include="Source\misc\main.cpp">
      <Filter>Source Files</Filter>
    </ClCompile>
    <ClCompile Include="Source\MemoryManager\CollectorManager.cpp">
      <Filter>Source Files</Filter>
    </ClCompile>
    <ClCompile Include="Source\MemoryManager\ICollector.cpp">
      <Filter>Source Files</Filter>
    </ClCompile>
    <ClCompile Include="Source\misc\pch.cpp">
      <Filter>Source Files</Filter>
    </ClCompile>
    <ClCompile Include="Source\MemoryManager\bad_allocation_buffer.cpp">
      <Filter>Source Files</Filter>
    </ClCompile>
    <ClCompile Include="Source\Math\inverse_sqrt.cpp">
      <Filter>Source Files</Filter>
    </ClCompile>
    <ClCompile Include="Source\Math\Vector2.cpp">
      <Filter>Source Files</Filter>
    </ClCompile>
    <ClCompile Include="Source\Utility\comparison.cpp">
      <Filter>Source Files</Filter>
    </ClCompile>
    <ClCompile Include="Source\Math\matrix.cpp">
      <Filter>Source Files</Filter>
    </ClCompile>
    <ClCompile Include="Source\Math\Matrix3x3.cpp">
      <Filter>Source Files</Filter>
    </ClCompile>
    <ClCompile Include="Source\Utility\console.cpp">
      <Filter>Source Files</Filter>
    </ClCompile>
    <ClCompile Include="Source\Math\Vector3.cpp">
      <Filter>Source Files</Filter>
    </ClCompile>
    <ClCompile Include="Source\Math\Math.cpp">
      <Filter>Source Files</Filter>
    </ClCompile>
    <ClCompile Include="Source\ECS\Structure\EntityManager.cpp">
      <Filter>Source Files</Filter>
    </ClCompile>
    <ClCompile Include="Source\ECS\Structure\ComponentManager.cpp">
      <Filter>Source Files</Filter>
    </ClCompile>
    <ClCompile Include="Source\ECS\Structure\SystemManager.cpp">
      <Filter>Source Files</Filter>
    </ClCompile>
    <ClCompile Include="Source\ECS\Structure\Coordinator.cpp">
      <Filter>Source Files</Filter>
    </ClCompile>
    <ClCompile Include="Source\misc\Random.cpp">
      <Filter>Source Files</Filter>
    </ClCompile>
    <ClCompile Include="Source\Utility\Time.cpp">
      <Filter>Source Files</Filter>
    </ClCompile>
    <ClCompile Include="Source\Input\Input.cpp">
      <Filter>Source Files</Filter>
    </ClCompile>
  </ItemGroup>
  <ItemGroup>
    <ClInclude Include="Include\pch.h">
      <Filter>Header Files</Filter>
    </ClInclude>
    <ClInclude Include="Include\MemoryManager\CollectorManager.h">
      <Filter>Header Files</Filter>
    </ClInclude>
    <ClInclude Include="Include\MemoryManager\Helper.h">
      <Filter>Header Files</Filter>
    </ClInclude>
    <ClInclude Include="Include\MemoryManager\ICollector.h">
      <Filter>Header Files</Filter>
    </ClInclude>
    <ClInclude Include="Include\MemoryManager\MemoryLeak.h">
      <Filter>Header Files</Filter>
    </ClInclude>
    <ClInclude Include="Include\MemoryManager\MemoryManager.h">
      <Filter>Header Files</Filter>
    </ClInclude>
    <ClInclude Include="Include\MemoryManager\VariableType.h">
      <Filter>Header Files</Filter>
    </ClInclude>
    <ClInclude Include="Include\Math\Vector2.h">
      <Filter>Header Files</Filter>
    </ClInclude>
    <ClInclude Include="Include\Math\inverse_sqrt.h">
      <Filter>Header Files</Filter>
    </ClInclude>
    <ClInclude Include="Include\Utility\comparison.h">
      <Filter>Header Files</Filter>
    </ClInclude>
    <ClInclude Include="Include\Math\Matrix3x3.h">
      <Filter>Header Files</Filter>
    </ClInclude>
    <ClInclude Include="Include\Math\matrix.h">
      <Filter>Header Files</Filter>
    </ClInclude>
    <ClInclude Include="Include\Utility\console.h">
      <Filter>Header Files</Filter>
    </ClInclude>
    <ClInclude Include="Include\Utility\Type.h">
      <Filter>Header Files</Filter>
    </ClInclude>
    <ClInclude Include="Include\Math\Vector3.h">
      <Filter>Header Files</Filter>
    </ClInclude>
    <ClInclude Include="Include\Math\Math.h">
      <Filter>Header Files</Filter>
    </ClInclude>
    <ClInclude Include="Include\ECS\Structure\entity.h">
      <Filter>Header Files</Filter>
    </ClInclude>
    <ClInclude Include="Include\ECS\Structure\component.h">
      <Filter>Header Files</Filter>
    </ClInclude>
    <ClInclude Include="Include\ECS\Components\Transform.h">
      <Filter>Header Files</Filter>
    </ClInclude>
    <ClInclude Include="Include\ECS\Structure\EntityManager.h">
      <Filter>Header Files</Filter>
    </ClInclude>
    <ClInclude Include="Include\ECS\Structure\ComponentArray.h">
      <Filter>Header Files</Filter>
    </ClInclude>
    <ClInclude Include="Include\ECS\Structure\ComponentManager.h">
      <Filter>Header Files</Filter>
    </ClInclude>
    <ClInclude Include="Include\ECS\Structure\SystemManager.h">
      <Filter>Header Files</Filter>
    </ClInclude>
    <ClInclude Include="Include\ECS\Structure\Coordinator.h">
      <Filter>Header Files</Filter>
    </ClInclude>
    <ClInclude Include="Include\Common Header\MyMath.h">
      <Filter>Header Files</Filter>
    </ClInclude>
    <ClInclude Include="Include\Common Header\ECS.h">
      <Filter>Header Files</Filter>
    </ClInclude>
    <ClInclude Include="Include\Common Header\Utility.h">
      <Filter>Header Files</Filter>
    </ClInclude>
    <ClInclude Include="Include\Common Header\Random.h">
      <Filter>Header Files</Filter>
    </ClInclude>
    <ClInclude Include="Include\Utility\Time.h">
      <Filter>Header Files</Filter>
    </ClInclude>
    <ClInclude Include="Include\Input\InputKeys.h">
      <Filter>Header Files</Filter>
    </ClInclude>
    <ClInclude Include="Include\Common Header\MyInput.h">
      <Filter>Header Files</Filter>
    </ClInclude>
    <ClInclude Include="Include\Input\Input.h">
      <Filter>Header Files</Filter>
    </ClInclude>
  </ItemGroup>
</Project>